
Microsoft Visual Studio Solution File, Format Version 12.00
# Visual Studio 15
VisualStudioVersion = 15.0.28010.0
MinimumVisualStudioVersion = 10.0.40219.1
Project("{9A19103F-16F7-4668-BE54-9A1E7A4F7556}") = "GG.Poll", "GG.Poll\GG.Poll.csproj", "{61F83F3B-A940-487E-BAC7-DCFC61119E99}"
EndProject
Project("{2150E333-8FDC-42A3-9474-1A3956D46DE8}") = "Tests", "Tests", "{9D50020B-9202-49CD-A674-D40D54711A7A}"
EndProject
Project("{FAE04EC0-301F-11D3-BF4B-00C04F79EFBC}") = "GG.Poll.Tests", "GG.Poll.Tests\GG.Poll.Tests.csproj", "{7A1BC48B-C737-4C14-9A6A-849B5F931D43}"
EndProject
Global
	GlobalSection(SolutionConfigurationPlatforms) = preSolution
		Debug|Any CPU = Debug|Any CPU
		Release|Any CPU = Release|Any CPU
	EndGlobalSection
	GlobalSection(ProjectConfigurationPlatforms) = postSolution
		{61F83F3B-A940-487E-BAC7-DCFC61119E99}.Debug|Any CPU.ActiveCfg = Debug|Any CPU
		{61F83F3B-A940-487E-BAC7-DCFC61119E99}.Debug|Any CPU.Build.0 = Debug|Any CPU
		{61F83F3B-A940-487E-BAC7-DCFC61119E99}.Release|Any CPU.ActiveCfg = Release|Any CPU
		{61F83F3B-A940-487E-BAC7-DCFC61119E99}.Release|Any CPU.Build.0 = Release|Any CPU
		{7A1BC48B-C737-4C14-9A6A-849B5F931D43}.Debug|Any CPU.ActiveCfg = Debug|Any CPU
		{7A1BC48B-C737-4C14-9A6A-849B5F931D43}.Debug|Any CPU.Build.0 = Debug|Any CPU
		{7A1BC48B-C737-4C14-9A6A-849B5F931D43}.Release|Any CPU.ActiveCfg = Release|Any CPU
		{7A1BC48B-C737-4C14-9A6A-849B5F931D43}.Release|Any CPU.Build.0 = Release|Any CPU
	EndGlobalSection
	GlobalSection(SolutionProperties) = preSolution
		HideSolutionNode = FALSE
	EndGlobalSection
	GlobalSection(NestedProjects) = preSolution
		{7A1BC48B-C737-4C14-9A6A-849B5F931D43} = {9D50020B-9202-49CD-A674-D40D54711A7A}
	EndGlobalSection
	GlobalSection(ExtensibilityGlobals) = postSolution
		SolutionGuid = {C2A26A8E-25D2-423F-B935-11E190A0EE4B}
	EndGlobalSection
EndGlobal
